
Microsoft Visual Studio Solution File, Format Version 12.00
# Visual Studio Version 16
VisualStudioVersion = 16.0.28803.352
MinimumVisualStudioVersion = 10.0.40219.1
Project("{FAE04EC0-301F-11D3-BF4B-00C04F79EFBC}") = "SynchronousSocketListener", "SynchronousSocketListener\SynchronousSocketListener.csproj", "{F36DE0EC-A72D-4325-9973-CCA5826B5BE8}"
EndProject
Global
	GlobalSection(SolutionConfigurationPlatforms) = preSolution
		Debug|Any CPU = Debug|Any CPU
		Release|Any CPU = Release|Any CPU
	EndGlobalSection
	GlobalSection(ProjectConfigurationPlatforms) = postSolution
		{F36DE0EC-A72D-4325-9973-CCA5826B5BE8}.Debug|Any CPU.ActiveCfg = Debug|Any CPU
		{F36DE0EC-A72D-4325-9973-CCA5826B5BE8}.Debug|Any CPU.Build.0 = Debug|Any CPU
		{F36DE0EC-A72D-4325-9973-CCA5826B5BE8}.Release|Any CPU.ActiveCfg = Release|Any CPU
		{F36DE0EC-A72D-4325-9973-CCA5826B5BE8}.Release|Any CPU.Build.0 = Release|Any CPU
	EndGlobalSection
	GlobalSection(SolutionProperties) = preSolution
		HideSolutionNode = FALSE
	EndGlobalSection
	GlobalSection(ExtensibilityGlobals) = postSolution
		SolutionGuid = {D9F7B430-8933-4021-BB47-49B978877BB7}
	EndGlobalSection
EndGlobal
